
Microsoft Visual Studio Solution File, Format Version 12.00
# Visual Studio Version 17
VisualStudioVersion = 17.0.31903.59
MinimumVisualStudioVersion = 10.0.40219.1
Project("{FAE04EC0-301F-11D3-BF4B-00C04F79EFBC}") = "LionFire.OpenCode.Serve", "src\LionFire.OpenCode.Serve\LionFire.OpenCode.Serve.csproj", "{A1B2C3D4-E5F6-7890-ABCD-EF1234567890}"
EndProject
Project("{FAE04EC0-301F-11D3-BF4B-00C04F79EFBC}") = "LionFire.OpenCode.Serve.Tests", "src\LionFire.OpenCode.Serve.Tests\LionFire.OpenCode.Serve.Tests.csproj", "{B2C3D4E5-F6A7-8901-BCDE-F12345678901}"
EndProject
Project("{FAE04EC0-301F-11D3-BF4B-00C04F79EFBC}") = "BasicUsage", "examples\BasicUsage\BasicUsage.csproj", "{C3D4E5F6-A7B8-9012-CDEF-123456789012}"
EndProject
Project("{FAE04EC0-301F-11D3-BF4B-00C04F79EFBC}") = "LionFire.OpenCode.Serve.AgentFramework", "src\LionFire.OpenCode.Serve.AgentFramework\LionFire.OpenCode.Serve.AgentFramework.csproj", "{D4E5F6A7-B8C9-0123-DEF0-234567890123}"
EndProject
Project("{FAE04EC0-301F-11D3-BF4B-00C04F79EFBC}") = "LionFire.OpenCode.Serve.AgentFramework.Tests", "src\LionFire.OpenCode.Serve.AgentFramework.Tests\LionFire.OpenCode.Serve.AgentFramework.Tests.csproj", "{E5F6A7B8-C9D0-1234-EF01-345678901234}"
EndProject
Project("{FAE04EC0-301F-11D3-BF4B-00C04F79EFBC}") = "ChatClientUsage", "examples\ChatClientUsage\ChatClientUsage.csproj", "{F6A7B8C9-D0E1-2345-F012-456789012345}"
EndProject
Project("{FAE04EC0-301F-11D3-BF4B-00C04F79EFBC}") = "AgUi.Chat.BlazorServer", "examples\AgUi.Chat.BlazorServer\AgUi.Chat.BlazorServer.csproj", "{BE2055E8-CD6F-45EA-B04C-56EC7D160D77}"
EndProject
Project("{2150E333-8FDC-42A3-9474-1A3956D46DE8}") = "src", "src", "{827E0CD3-B72D-47B6-A68D-7590B98EB39B}"
EndProject
Project("{FAE04EC0-301F-11D3-BF4B-00C04F79EFBC}") = "LionFire.OpenCode.Blazor", "src\LionFire.OpenCode.Blazor\LionFire.OpenCode.Blazor.csproj", "{BBF0362C-B2F2-4706-9DB0-14751942402A}"
EndProject
Project("{FAE04EC0-301F-11D3-BF4B-00C04F79EFBC}") = "LionFire.AgUi.Blazor", "..\ag-ui-blazor\src\LionFire.AgUi.Blazor\LionFire.AgUi.Blazor.csproj", "{BF0748EC-E3BA-4497-A156-266B04455B84}"
EndProject
Project("{2150E333-8FDC-42A3-9474-1A3956D46DE8}") = "examples", "examples", "{B36A84DF-456D-A817-6EDD-3EC3E7F6E11F}"
EndProject
Project("{FAE04EC0-301F-11D3-BF4B-00C04F79EFBC}") = "AgUi.IDE.BlazorServer", "examples\AgUi.IDE.BlazorServer\AgUi.IDE.BlazorServer.csproj", "{3BA61171-5F32-49AC-B10C-060A1029DF24}"
EndProject
Project("{2150E333-8FDC-42A3-9474-1A3956D46DE8}") = "benchmarks", "benchmarks", "{BENCH0001-0000-0000-0000-000000000001}"
EndProject
Project("{FAE04EC0-301F-11D3-BF4B-00C04F79EFBC}") = "LionFire.OpenCode.Serve.Benchmarks", "benchmarks\LionFire.OpenCode.Serve.Benchmarks\LionFire.OpenCode.Serve.Benchmarks.csproj", "{BENCH0002-0000-0000-0000-000000000002}"
EndProject
Global
	GlobalSection(SolutionConfigurationPlatforms) = preSolution
		Debug|Any CPU = Debug|Any CPU
		Debug|x64 = Debug|x64
		Debug|x86 = Debug|x86
		Release|Any CPU = Release|Any CPU
		Release|x64 = Release|x64
		Release|x86 = Release|x86
	EndGlobalSection
	GlobalSection(ProjectConfigurationPlatforms) = postSolution
		{A1B2C3D4-E5F6-7890-ABCD-EF1234567890}.Debug|Any CPU.ActiveCfg = Debug|Any CPU
		{A1B2C3D4-E5F6-7890-ABCD-EF1234567890}.Debug|Any CPU.Build.0 = Debug|Any CPU
		{A1B2C3D4-E5F6-7890-ABCD-EF1234567890}.Debug|x64.ActiveCfg = Debug|Any CPU
		{A1B2C3D4-E5F6-7890-ABCD-EF1234567890}.Debug|x64.Build.0 = Debug|Any CPU
		{A1B2C3D4-E5F6-7890-ABCD-EF1234567890}.Debug|x86.ActiveCfg = Debug|Any CPU
		{A1B2C3D4-E5F6-7890-ABCD-EF1234567890}.Debug|x86.Build.0 = Debug|Any CPU
		{A1B2C3D4-E5F6-7890-ABCD-EF1234567890}.Release|Any CPU.ActiveCfg = Release|Any CPU
		{A1B2C3D4-E5F6-7890-ABCD-EF1234567890}.Release|Any CPU.Build.0 = Release|Any CPU
		{A1B2C3D4-E5F6-7890-ABCD-EF1234567890}.Release|x64.ActiveCfg = Release|Any CPU
		{A1B2C3D4-E5F6-7890-ABCD-EF1234567890}.Release|x64.Build.0 = Release|Any CPU
		{A1B2C3D4-E5F6-7890-ABCD-EF1234567890}.Release|x86.ActiveCfg = Release|Any CPU
		{A1B2C3D4-E5F6-7890-ABCD-EF1234567890}.Release|x86.Build.0 = Release|Any CPU
		{B2C3D4E5-F6A7-8901-BCDE-F12345678901}.Debug|Any CPU.ActiveCfg = Debug|Any CPU
		{B2C3D4E5-F6A7-8901-BCDE-F12345678901}.Debug|Any CPU.Build.0 = Debug|Any CPU
		{B2C3D4E5-F6A7-8901-BCDE-F12345678901}.Debug|x64.ActiveCfg = Debug|Any CPU
		{B2C3D4E5-F6A7-8901-BCDE-F12345678901}.Debug|x64.Build.0 = Debug|Any CPU
		{B2C3D4E5-F6A7-8901-BCDE-F12345678901}.Debug|x86.ActiveCfg = Debug|Any CPU
		{B2C3D4E5-F6A7-8901-BCDE-F12345678901}.Debug|x86.Build.0 = Debug|Any CPU
		{B2C3D4E5-F6A7-8901-BCDE-F12345678901}.Release|Any CPU.ActiveCfg = Release|Any CPU
		{B2C3D4E5-F6A7-8901-BCDE-F12345678901}.Release|Any CPU.Build.0 = Release|Any CPU
		{B2C3D4E5-F6A7-8901-BCDE-F12345678901}.Release|x64.ActiveCfg = Release|Any CPU
		{B2C3D4E5-F6A7-8901-BCDE-F12345678901}.Release|x64.Build.0 = Release|Any CPU
		{B2C3D4E5-F6A7-8901-BCDE-F12345678901}.Release|x86.ActiveCfg = Release|Any CPU
		{B2C3D4E5-F6A7-8901-BCDE-F12345678901}.Release|x86.Build.0 = Release|Any CPU
		{C3D4E5F6-A7B8-9012-CDEF-123456789012}.Debug|Any CPU.ActiveCfg = Debug|Any CPU
		{C3D4E5F6-A7B8-9012-CDEF-123456789012}.Debug|Any CPU.Build.0 = Debug|Any CPU
		{C3D4E5F6-A7B8-9012-CDEF-123456789012}.Debug|x64.ActiveCfg = Debug|Any CPU
		{C3D4E5F6-A7B8-9012-CDEF-123456789012}.Debug|x64.Build.0 = Debug|Any CPU
		{C3D4E5F6-A7B8-9012-CDEF-123456789012}.Debug|x86.ActiveCfg = Debug|Any CPU
		{C3D4E5F6-A7B8-9012-CDEF-123456789012}.Debug|x86.Build.0 = Debug|Any CPU
		{C3D4E5F6-A7B8-9012-CDEF-123456789012}.Release|Any CPU.ActiveCfg = Release|Any CPU
		{C3D4E5F6-A7B8-9012-CDEF-123456789012}.Release|Any CPU.Build.0 = Release|Any CPU
		{C3D4E5F6-A7B8-9012-CDEF-123456789012}.Release|x64.ActiveCfg = Release|Any CPU
		{C3D4E5F6-A7B8-9012-CDEF-123456789012}.Release|x64.Build.0 = Release|Any CPU
		{C3D4E5F6-A7B8-9012-CDEF-123456789012}.Release|x86.ActiveCfg = Release|Any CPU
		{C3D4E5F6-A7B8-9012-CDEF-123456789012}.Release|x86.Build.0 = Release|Any CPU
		{D4E5F6A7-B8C9-0123-DEF0-234567890123}.Debug|Any CPU.ActiveCfg = Debug|Any CPU
		{D4E5F6A7-B8C9-0123-DEF0-234567890123}.Debug|Any CPU.Build.0 = Debug|Any CPU
		{D4E5F6A7-B8C9-0123-DEF0-234567890123}.Debug|x64.ActiveCfg = Debug|Any CPU
		{D4E5F6A7-B8C9-0123-DEF0-234567890123}.Debug|x64.Build.0 = Debug|Any CPU
		{D4E5F6A7-B8C9-0123-DEF0-234567890123}.Debug|x86.ActiveCfg = Debug|Any CPU
		{D4E5F6A7-B8C9-0123-DEF0-234567890123}.Debug|x86.Build.0 = Debug|Any CPU
		{D4E5F6A7-B8C9-0123-DEF0-234567890123}.Release|Any CPU.ActiveCfg = Release|Any CPU
		{D4E5F6A7-B8C9-0123-DEF0-234567890123}.Release|Any CPU.Build.0 = Release|Any CPU
		{D4E5F6A7-B8C9-0123-DEF0-234567890123}.Release|x64.ActiveCfg = Release|Any CPU
		{D4E5F6A7-B8C9-0123-DEF0-234567890123}.Release|x64.Build.0 = Release|Any CPU
		{D4E5F6A7-B8C9-0123-DEF0-234567890123}.Release|x86.ActiveCfg = Release|Any CPU
		{D4E5F6A7-B8C9-0123-DEF0-234567890123}.Release|x86.Build.0 = Release|Any CPU
		{E5F6A7B8-C9D0-1234-EF01-345678901234}.Debug|Any CPU.ActiveCfg = Debug|Any CPU
		{E5F6A7B8-C9D0-1234-EF01-345678901234}.Debug|Any CPU.Build.0 = Debug|Any CPU
		{E5F6A7B8-C9D0-1234-EF01-345678901234}.Debug|x64.ActiveCfg = Debug|Any CPU
		{E5F6A7B8-C9D0-1234-EF01-345678901234}.Debug|x64.Build.0 = Debug|Any CPU
		{E5F6A7B8-C9D0-1234-EF01-345678901234}.Debug|x86.ActiveCfg = Debug|Any CPU
		{E5F6A7B8-C9D0-1234-EF01-345678901234}.Debug|x86.Build.0 = Debug|Any CPU
		{E5F6A7B8-C9D0-1234-EF01-345678901234}.Release|Any CPU.ActiveCfg = Release|Any CPU
		{E5F6A7B8-C9D0-1234-EF01-345678901234}.Release|Any CPU.Build.0 = Release|Any CPU
		{E5F6A7B8-C9D0-1234-EF01-345678901234}.Release|x64.ActiveCfg = Release|Any CPU
		{E5F6A7B8-C9D0-1234-EF01-345678901234}.Release|x64.Build.0 = Release|Any CPU
		{E5F6A7B8-C9D0-1234-EF01-345678901234}.Release|x86.ActiveCfg = Release|Any CPU
		{E5F6A7B8-C9D0-1234-EF01-345678901234}.Release|x86.Build.0 = Release|Any CPU
		{F6A7B8C9-D0E1-2345-F012-456789012345}.Debug|Any CPU.ActiveCfg = Debug|Any CPU
		{F6A7B8C9-D0E1-2345-F012-456789012345}.Debug|Any CPU.Build.0 = Debug|Any CPU
		{F6A7B8C9-D0E1-2345-F012-456789012345}.Debug|x64.ActiveCfg = Debug|Any CPU
		{F6A7B8C9-D0E1-2345-F012-456789012345}.Debug|x64.Build.0 = Debug|Any CPU
		{F6A7B8C9-D0E1-2345-F012-456789012345}.Debug|x86.ActiveCfg = Debug|Any CPU
		{F6A7B8C9-D0E1-2345-F012-456789012345}.Debug|x86.Build.0 = Debug|Any CPU
		{F6A7B8C9-D0E1-2345-F012-456789012345}.Release|Any CPU.ActiveCfg = Release|Any CPU
		{F6A7B8C9-D0E1-2345-F012-456789012345}.Release|Any CPU.Build.0 = Release|Any CPU
		{F6A7B8C9-D0E1-2345-F012-456789012345}.Release|x64.ActiveCfg = Release|Any CPU
		{F6A7B8C9-D0E1-2345-F012-456789012345}.Release|x64.Build.0 = Release|Any CPU
		{F6A7B8C9-D0E1-2345-F012-456789012345}.Release|x86.ActiveCfg = Release|Any CPU
		{F6A7B8C9-D0E1-2345-F012-456789012345}.Release|x86.Build.0 = Release|Any CPU
		{BE2055E8-CD6F-45EA-B04C-56EC7D160D77}.Debug|Any CPU.ActiveCfg = Debug|Any CPU
		{BE2055E8-CD6F-45EA-B04C-56EC7D160D77}.Debug|Any CPU.Build.0 = Debug|Any CPU
		{BE2055E8-CD6F-45EA-B04C-56EC7D160D77}.Debug|x64.ActiveCfg = Debug|Any CPU
		{BE2055E8-CD6F-45EA-B04C-56EC7D160D77}.Debug|x64.Build.0 = Debug|Any CPU
		{BE2055E8-CD6F-45EA-B04C-56EC7D160D77}.Debug|x86.ActiveCfg = Debug|Any CPU
		{BE2055E8-CD6F-45EA-B04C-56EC7D160D77}.Debug|x86.Build.0 = Debug|Any CPU
		{BE2055E8-CD6F-45EA-B04C-56EC7D160D77}.Release|Any CPU.ActiveCfg = Release|Any CPU
		{BE2055E8-CD6F-45EA-B04C-56EC7D160D77}.Release|Any CPU.Build.0 = Release|Any CPU
		{BE2055E8-CD6F-45EA-B04C-56EC7D160D77}.Release|x64.ActiveCfg = Release|Any CPU
		{BE2055E8-CD6F-45EA-B04C-56EC7D160D77}.Release|x64.Build.0 = Release|Any CPU
		{BE2055E8-CD6F-45EA-B04C-56EC7D160D77}.Release|x86.ActiveCfg = Release|Any CPU
		{BE2055E8-CD6F-45EA-B04C-56EC7D160D77}.Release|x86.Build.0 = Release|Any CPU
		{BBF0362C-B2F2-4706-9DB0-14751942402A}.Debug|Any CPU.ActiveCfg = Debug|Any CPU
		{BBF0362C-B2F2-4706-9DB0-14751942402A}.Debug|Any CPU.Build.0 = Debug|Any CPU
		{BBF0362C-B2F2-4706-9DB0-14751942402A}.Debug|x64.ActiveCfg = Debug|Any CPU
		{BBF0362C-B2F2-4706-9DB0-14751942402A}.Debug|x64.Build.0 = Debug|Any CPU
		{BBF0362C-B2F2-4706-9DB0-14751942402A}.Debug|x86.ActiveCfg = Debug|Any CPU
		{BBF0362C-B2F2-4706-9DB0-14751942402A}.Debug|x86.Build.0 = Debug|Any CPU
		{BBF0362C-B2F2-4706-9DB0-14751942402A}.Release|Any CPU.ActiveCfg = Release|Any CPU
		{BBF0362C-B2F2-4706-9DB0-14751942402A}.Release|Any CPU.Build.0 = Release|Any CPU
		{BBF0362C-B2F2-4706-9DB0-14751942402A}.Release|x64.ActiveCfg = Release|Any CPU
		{BBF0362C-B2F2-4706-9DB0-14751942402A}.Release|x64.Build.0 = Release|Any CPU
		{BBF0362C-B2F2-4706-9DB0-14751942402A}.Release|x86.ActiveCfg = Release|Any CPU
		{BBF0362C-B2F2-4706-9DB0-14751942402A}.Release|x86.Build.0 = Release|Any CPU
		{BF0748EC-E3BA-4497-A156-266B04455B84}.Debug|Any CPU.ActiveCfg = Debug|Any CPU
		{BF0748EC-E3BA-4497-A156-266B04455B84}.Debug|Any CPU.Build.0 = Debug|Any CPU
		{BF0748EC-E3BA-4497-A156-266B04455B84}.Debug|x64.ActiveCfg = Debug|Any CPU
		{BF0748EC-E3BA-4497-A156-266B04455B84}.Debug|x64.Build.0 = Debug|Any CPU
		{BF0748EC-E3BA-4497-A156-266B04455B84}.Debug|x86.ActiveCfg = Debug|Any CPU
		{BF0748EC-E3BA-4497-A156-266B04455B84}.Debug|x86.Build.0 = Debug|Any CPU
		{BF0748EC-E3BA-4497-A156-266B04455B84}.Release|Any CPU.ActiveCfg = Release|Any CPU
		{BF0748EC-E3BA-4497-A156-266B04455B84}.Release|Any CPU.Build.0 = Release|Any CPU
		{BF0748EC-E3BA-4497-A156-266B04455B84}.Release|x64.ActiveCfg = Release|Any CPU
		{BF0748EC-E3BA-4497-A156-266B04455B84}.Release|x64.Build.0 = Release|Any CPU
		{BF0748EC-E3BA-4497-A156-266B04455B84}.Release|x86.ActiveCfg = Release|Any CPU
		{BF0748EC-E3BA-4497-A156-266B04455B84}.Release|x86.Build.0 = Release|Any CPU
		{3BA61171-5F32-49AC-B10C-060A1029DF24}.Debug|Any CPU.ActiveCfg = Debug|Any CPU
		{3BA61171-5F32-49AC-B10C-060A1029DF24}.Debug|Any CPU.Build.0 = Debug|Any CPU
		{3BA61171-5F32-49AC-B10C-060A1029DF24}.Debug|x64.ActiveCfg = Debug|Any CPU
		{3BA61171-5F32-49AC-B10C-060A1029DF24}.Debug|x64.Build.0 = Debug|Any CPU
		{3BA61171-5F32-49AC-B10C-060A1029DF24}.Debug|x86.ActiveCfg = Debug|Any CPU
		{3BA61171-5F32-49AC-B10C-060A1029DF24}.Debug|x86.Build.0 = Debug|Any CPU
		{3BA61171-5F32-49AC-B10C-060A1029DF24}.Release|Any CPU.ActiveCfg = Release|Any CPU
		{3BA61171-5F32-49AC-B10C-060A1029DF24}.Release|Any CPU.Build.0 = Release|Any CPU
		{3BA61171-5F32-49AC-B10C-060A1029DF24}.Release|x64.ActiveCfg = Release|Any CPU
		{3BA61171-5F32-49AC-B10C-060A1029DF24}.Release|x64.Build.0 = Release|Any CPU
		{3BA61171-5F32-49AC-B10C-060A1029DF24}.Release|x86.ActiveCfg = Release|Any CPU
		{3BA61171-5F32-49AC-B10C-060A1029DF24}.Release|x86.Build.0 = Release|Any CPU
		{BENCH0002-0000-0000-0000-000000000002}.Debug|Any CPU.ActiveCfg = Debug|Any CPU
		{BENCH0002-0000-0000-0000-000000000002}.Debug|Any CPU.Build.0 = Debug|Any CPU
		{BENCH0002-0000-0000-0000-000000000002}.Debug|x64.ActiveCfg = Debug|Any CPU
		{BENCH0002-0000-0000-0000-000000000002}.Debug|x64.Build.0 = Debug|Any CPU
		{BENCH0002-0000-0000-0000-000000000002}.Debug|x86.ActiveCfg = Debug|Any CPU
		{BENCH0002-0000-0000-0000-000000000002}.Debug|x86.Build.0 = Debug|Any CPU
		{BENCH0002-0000-0000-0000-000000000002}.Release|Any CPU.ActiveCfg = Release|Any CPU
		{BENCH0002-0000-0000-0000-000000000002}.Release|Any CPU.Build.0 = Release|Any CPU
		{BENCH0002-0000-0000-0000-000000000002}.Release|x64.ActiveCfg = Release|Any CPU
		{BENCH0002-0000-0000-0000-000000000002}.Release|x64.Build.0 = Release|Any CPU
		{BENCH0002-0000-0000-0000-000000000002}.Release|x86.ActiveCfg = Release|Any CPU
		{BENCH0002-0000-0000-0000-000000000002}.Release|x86.Build.0 = Release|Any CPU
	EndGlobalSection
	GlobalSection(SolutionProperties) = preSolution
		HideSolutionNode = FALSE
	EndGlobalSection
	GlobalSection(NestedProjects) = preSolution
		{BE2055E8-CD6F-45EA-B04C-56EC7D160D77} = {B36A84DF-456D-A817-6EDD-3EC3E7F6E11F}
		{BBF0362C-B2F2-4706-9DB0-14751942402A} = {827E0CD3-B72D-47B6-A68D-7590B98EB39B}
		{3BA61171-5F32-49AC-B10C-060A1029DF24} = {B36A84DF-456D-A817-6EDD-3EC3E7F6E11F}
		{BENCH0002-0000-0000-0000-000000000002} = {BENCH0001-0000-0000-0000-000000000001}
	EndGlobalSection
EndGlobal
